// !$*UTF8*$!
{
	archiveVersion = 1;
	classes = {
	};
	objectVersion = 56;
	objects = {

/* Begin PBXBuildFile section */
		C3168A5C2A76C7A8006F0498 /* AliCloneApp.swift in Sources */ = {isa = PBXBuildFile; fileRef = C3168A5B2A76C7A8006F0498 /* AliCloneApp.swift */; };
		C3168A5E2A76C7A8006F0498 /* ContentView.swift in Sources */ = {isa = PBXBuildFile; fileRef = C3168A5D2A76C7A8006F0498 /* ContentView.swift */; };
		C3168A602A76C7AB006F0498 /* Assets.xcassets in Resources */ = {isa = PBXBuildFile; fileRef = C3168A5F2A76C7AB006F0498 /* Assets.xcassets */; };
		C3168A632A76C7AB006F0498 /* Preview Assets.xcassets in Resources */ = {isa = PBXBuildFile; fileRef = C3168A622A76C7AB006F0498 /* Preview Assets.xcassets */; };
		C3168A6D2A76C7AB006F0498 /* AliCloneTests.swift in Sources */ = {isa = PBXBuildFile; fileRef = C3168A6C2A76C7AB006F0498 /* AliCloneTests.swift */; };
		C3168A772A76C7AB006F0498 /* AliCloneUITests.swift in Sources */ = {isa = PBXBuildFile; fileRef = C3168A762A76C7AB006F0498 /* AliCloneUITests.swift */; };
		C3168A792A76C7AB006F0498 /* AliCloneUITestsLaunchTests.swift in Sources */ = {isa = PBXBuildFile; fileRef = C3168A782A76C7AB006F0498 /* AliCloneUITestsLaunchTests.swift */; };
		C3168A862A76C7E4006F0498 /* BaseAppView.swift in Sources */ = {isa = PBXBuildFile; fileRef = C3168A852A76C7E4006F0498 /* BaseAppView.swift */; };
		C3168A882A76D118006F0498 /* FeedView.swift in Sources */ = {isa = PBXBuildFile; fileRef = C3168A872A76D117006F0498 /* FeedView.swift */; };
		C3168A8A2A76D17B006F0498 /* ExploreView.swift in Sources */ = {isa = PBXBuildFile; fileRef = C3168A892A76D17B006F0498 /* ExploreView.swift */; };
		C3168A8C2A76D303006F0498 /* PlusView.swift in Sources */ = {isa = PBXBuildFile; fileRef = C3168A8B2A76D303006F0498 /* PlusView.swift */; };
		C3168A8E2A797EC3006F0498 /* MiniCarrouselView.swift in Sources */ = {isa = PBXBuildFile; fileRef = C3168A8D2A797EC3006F0498 /* MiniCarrouselView.swift */; };
		C3168A902A79800D006F0498 /* MiniThumbnailView.swift in Sources */ = {isa = PBXBuildFile; fileRef = C3168A8F2A79800D006F0498 /* MiniThumbnailView.swift */; };
		C3168A922A79DF9C006F0498 /* MidThumbnailView.swift in Sources */ = {isa = PBXBuildFile; fileRef = C3168A912A79DF9C006F0498 /* MidThumbnailView.swift */; };
/* End PBXBuildFile section */

/* Begin PBXContainerItemProxy section */
		C3168A692A76C7AB006F0498 /* PBXContainerItemProxy */ = {
			isa = PBXContainerItemProxy;
			containerPortal = C3168A502A76C7A8006F0498 /* Project object */;
			proxyType = 1;
			remoteGlobalIDString = C3168A572A76C7A8006F0498;
			remoteInfo = AliClone;
		};
		C3168A732A76C7AB006F0498 /* PBXContainerItemProxy */ = {
			isa = PBXContainerItemProxy;
			containerPortal = C3168A502A76C7A8006F0498 /* Project object */;
			proxyType = 1;
			remoteGlobalIDString = C3168A572A76C7A8006F0498;
			remoteInfo = AliClone;
		};
/* End PBXContainerItemProxy section */

/* Begin PBXFileReference section */
		C3168A582A76C7A8006F0498 /* AliClone.app */ = {isa = PBXFileReference; explicitFileType = wrapper.application; includeInIndex = 0; path = AliClone.app; sourceTree = BUILT_PRODUCTS_DIR; };
		C3168A5B2A76C7A8006F0498 /* AliCloneApp.swift */ = {isa = PBXFileReference; lastKnownFileType = sourcecode.swift; path = AliCloneApp.swift; sourceTree = "<group>"; };
		C3168A5D2A76C7A8006F0498 /* ContentView.swift */ = {isa = PBXFileReference; lastKnownFileType = sourcecode.swift; path = ContentView.swift; sourceTree = "<group>"; };
		C3168A5F2A76C7AB006F0498 /* Assets.xcassets */ = {isa = PBXFileReference; lastKnownFileType = folder.assetcatalog; path = Assets.xcassets; sourceTree = "<group>"; };
		C3168A622A76C7AB006F0498 /* Preview Assets.xcassets */ = {isa = PBXFileReference; lastKnownFileType = folder.assetcatalog; path = "Preview Assets.xcassets"; sourceTree = "<group>"; };
		C3168A682A76C7AB006F0498 /* AliCloneTests.xctest */ = {isa = PBXFileReference; explicitFileType = wrapper.cfbundle; includeInIndex = 0; path = AliCloneTests.xctest; sourceTree = BUILT_PRODUCTS_DIR; };
		C3168A6C2A76C7AB006F0498 /* AliCloneTests.swift */ = {isa = PBXFileReference; lastKnownFileType = sourcecode.swift; path = AliCloneTests.swift; sourceTree = "<group>"; };
		C3168A722A76C7AB006F0498 /* AliCloneUITests.xctest */ = {isa = PBXFileReference; explicitFileType = wrapper.cfbundle; includeInIndex = 0; path = AliCloneUITests.xctest; sourceTree = BUILT_PRODUCTS_DIR; };
		C3168A762A76C7AB006F0498 /* AliCloneUITests.swift */ = {isa = PBXFileReference; lastKnownFileType = sourcecode.swift; path = AliCloneUITests.swift; sourceTree = "<group>"; };
		C3168A782A76C7AB006F0498 /* AliCloneUITestsLaunchTests.swift */ = {isa = PBXFileReference; lastKnownFileType = sourcecode.swift; path = AliCloneUITestsLaunchTests.swift; sourceTree = "<group>"; };
		C3168A852A76C7E4006F0498 /* BaseAppView.swift */ = {isa = PBXFileReference; lastKnownFileType = sourcecode.swift; path = BaseAppView.swift; sourceTree = "<group>"; };
		C3168A872A76D117006F0498 /* FeedView.swift */ = {isa = PBXFileReference; lastKnownFileType = sourcecode.swift; path = FeedView.swift; sourceTree = "<group>"; };
		C3168A892A76D17B006F0498 /* ExploreView.swift */ = {isa = PBXFileReference; lastKnownFileType = sourcecode.swift; path = ExploreView.swift; sourceTree = "<group>"; };
		C3168A8B2A76D303006F0498 /* PlusView.swift */ = {isa = PBXFileReference; lastKnownFileType = sourcecode.swift; path = PlusView.swift; sourceTree = "<group>"; };
		C3168A8D2A797EC3006F0498 /* MiniCarrouselView.swift */ = {isa = PBXFileReference; lastKnownFileType = sourcecode.swift; path = MiniCarrouselView.swift; sourceTree = "<group>"; };
		C3168A8F2A79800D006F0498 /* MiniThumbnailView.swift */ = {isa = PBXFileReference; lastKnownFileType = sourcecode.swift; path = MiniThumbnailView.swift; sourceTree = "<group>"; };
		C3168A912A79DF9C006F0498 /* MidThumbnailView.swift */ = {isa = PBXFileReference; lastKnownFileType = sourcecode.swift; path = MidThumbnailView.swift; sourceTree = "<group>"; };
/* End PBXFileReference section */

/* Begin PBXFrameworksBuildPhase section */
		C3168A552A76C7A8006F0498 /* Frameworks */ = {
			isa = PBXFrameworksBuildPhase;
			buildActionMask = 2147483647;
			files = (
			);
			runOnlyForDeploymentPostprocessing = 0;
		};
		C3168A652A76C7AB006F0498 /* Frameworks */ = {
			isa = PBXFrameworksBuildPhase;
			buildActionMask = 2147483647;
			files = (
			);
			runOnlyForDeploymentPostprocessing = 0;
		};
		C3168A6F2A76C7AB006F0498 /* Frameworks */ = {
			isa = PBXFrameworksBuildPhase;
			buildActionMask = 2147483647;
			files = (
			);
			runOnlyForDeploymentPostprocessing = 0;
		};
/* End PBXFrameworksBuildPhase section */

/* Begin PBXGroup section */
		C3168A4F2A76C7A8006F0498 = {
			isa = PBXGroup;
			children = (
				C3168A5A2A76C7A8006F0498 /* AliClone */,
				C3168A6B2A76C7AB006F0498 /* AliCloneTests */,
				C3168A752A76C7AB006F0498 /* AliCloneUITests */,
				C3168A592A76C7A8006F0498 /* Products */,
			);
			sourceTree = "<group>";
		};
		C3168A592A76C7A8006F0498 /* Products */ = {
			isa = PBXGroup;
			children = (
				C3168A582A76C7A8006F0498 /* AliClone.app */,
				C3168A682A76C7AB006F0498 /* AliCloneTests.xctest */,
				C3168A722A76C7AB006F0498 /* AliCloneUITests.xctest */,
			);
			name = Products;
			sourceTree = "<group>";
		};
		C3168A5A2A76C7A8006F0498 /* AliClone */ = {
			isa = PBXGroup;
			children = (
				C3168A5B2A76C7A8006F0498 /* AliCloneApp.swift */,
				C3168A5D2A76C7A8006F0498 /* ContentView.swift */,
				C3168A852A76C7E4006F0498 /* BaseAppView.swift */,
				C3168A872A76D117006F0498 /* FeedView.swift */,
				C3168A892A76D17B006F0498 /* ExploreView.swift */,
				C3168A8B2A76D303006F0498 /* PlusView.swift */,
				C3168A8F2A79800D006F0498 /* MiniThumbnailView.swift */,
				C3168A912A79DF9C006F0498 /* MidThumbnailView.swift */,
				C3168A5F2A76C7AB006F0498 /* Assets.xcassets */,
				C3168A612A76C7AB006F0498 /* Preview Content */,
				C3168A8D2A797EC3006F0498 /* MiniCarrouselView.swift */,
			);
			path = AliClone;
			sourceTree = "<group>";
		};
		C3168A612A76C7AB006F0498 /* Preview Content */ = {
			isa = PBXGroup;
			children = (
				C3168A622A76C7AB006F0498 /* Preview Assets.xcassets */,
			);
			path = "Preview Content";
			sourceTree = "<group>";
		};
		C3168A6B2A76C7AB006F0498 /* AliCloneTests */ = {
			isa = PBXGroup;
			children = (
				C3168A6C2A76C7AB006F0498 /* AliCloneTests.swift */,
			);
			path = AliCloneTests;
			sourceTree = "<group>";
		};
		C3168A752A76C7AB006F0498 /* AliCloneUITests */ = {
			isa = PBXGroup;
			children = (
				C3168A762A76C7AB006F0498 /* AliCloneUITests.swift */,
				C3168A782A76C7AB006F0498 /* AliCloneUITestsLaunchTests.swift */,
			);
			path = AliCloneUITests;
			sourceTree = "<group>";
		};
/* End PBXGroup section */

/* Begin PBXNativeTarget section */
		C3168A572A76C7A8006F0498 /* AliClone */ = {
			isa = PBXNativeTarget;
			buildConfigurationList = C3168A7C2A76C7AB006F0498 /* Build configuration list for PBXNativeTarget "AliClone" */;
			buildPhases = (
				C3168A542A76C7A8006F0498 /* Sources */,
				C3168A552A76C7A8006F0498 /* Frameworks */,
				C3168A562A76C7A8006F0498 /* Resources */,
			);
			buildRules = (
			);
			dependencies = (
			);
			name = AliClone;
			productName = AliClone;
			productReference = C3168A582A76C7A8006F0498 /* AliClone.app */;
			productType = "com.apple.product-type.application";
		};
		C3168A672A76C7AB006F0498 /* AliCloneTests */ = {
			isa = PBXNativeTarget;
			buildConfigurationList = C3168A7F2A76C7AB006F0498 /* Build configuration list for PBXNativeTarget "AliCloneTests" */;
			buildPhases = (
				C3168A642A76C7AB006F0498 /* Sources */,
				C3168A652A76C7AB006F0498 /* Frameworks */,
				C3168A662A76C7AB006F0498 /* Resources */,
			);
			buildRules = (
			);
			dependencies = (
				C3168A6A2A76C7AB006F0498 /* PBXTargetDependency */,
			);
			name = AliCloneTests;
			productName = AliCloneTests;
			productReference = C3168A682A76C7AB006F0498 /* AliCloneTests.xctest */;
			productType = "com.apple.product-type.bundle.unit-test";
		};
		C3168A712A76C7AB006F0498 /* AliCloneUITests */ = {
			isa = PBXNativeTarget;
			buildConfigurationList = C3168A822A76C7AB006F0498 /* Build configuration list for PBXNativeTarget "AliCloneUITests" */;
			buildPhases = (
				C3168A6E2A76C7AB006F0498 /* Sources */,
				C3168A6F2A76C7AB006F0498 /* Frameworks */,
				C3168A702A76C7AB006F0498 /* Resources */,
			);
			buildRules = (
			);
			dependencies = (
				C3168A742A76C7AB006F0498 /* PBXTargetDependency */,
			);
			name = AliCloneUITests;
			productName = AliCloneUITests;
			productReference = C3168A722A76C7AB006F0498 /* AliCloneUITests.xctest */;
			productType = "com.apple.product-type.bundle.ui-testing";
		};
/* End PBXNativeTarget section */

/* Begin PBXProject section */
		C3168A502A76C7A8006F0498 /* Project object */ = {
			isa = PBXProject;
			attributes = {
				BuildIndependentTargetsInParallel = 1;
				LastSwiftUpdateCheck = 1420;
				LastUpgradeCheck = 1420;
				TargetAttributes = {
					C3168A572A76C7A8006F0498 = {
						CreatedOnToolsVersion = 14.2;
					};
					C3168A672A76C7AB006F0498 = {
						CreatedOnToolsVersion = 14.2;
						TestTargetID = C3168A572A76C7A8006F0498;
					};
					C3168A712A76C7AB006F0498 = {
						CreatedOnToolsVersion = 14.2;
						TestTargetID = C3168A572A76C7A8006F0498;
					};
				};
			};
			buildConfigurationList = C3168A532A76C7A8006F0498 /* Build configuration list for PBXProject "AliClone" */;
			compatibilityVersion = "Xcode 14.0";
			developmentRegion = en;
			hasScannedForEncodings = 0;
			knownRegions = (
				en,
				Base,
			);
			mainGroup = C3168A4F2A76C7A8006F0498;
			productRefGroup = C3168A592A76C7A8006F0498 /* Products */;
			projectDirPath = "";
			projectRoot = "";
			targets = (
				C3168A572A76C7A8006F0498 /* AliClone */,
				C3168A672A76C7AB006F0498 /* AliCloneTests */,
				C3168A712A76C7AB006F0498 /* AliCloneUITests */,
			);
		};
/* End PBXProject section */

/* Begin PBXResourcesBuildPhase section */
		C3168A562A76C7A8006F0498 /* Resources */ = {
			isa = PBXResourcesBuildPhase;
			buildActionMask = 2147483647;
			files = (
				C3168A632A76C7AB006F0498 /* Preview Assets.xcassets in Resources */,
				C3168A602A76C7AB006F0498 /* Assets.xcassets in Resources */,
			);
			runOnlyForDeploymentPostprocessing = 0;
		};
		C3168A662A76C7AB006F0498 /* Resources */ = {
			isa = PBXResourcesBuildPhase;
			buildActionMask = 2147483647;
			files = (
			);
			runOnlyForDeploymentPostprocessing = 0;
		};
		C3168A702A76C7AB006F0498 /* Resources */ = {
			isa = PBXResourcesBuildPhase;
			buildActionMask = 2147483647;
			files = (
			);
			runOnlyForDeploymentPostprocessing = 0;
		};
/* End PBXResourcesBuildPhase section */

/* Begin PBXSourcesBuildPhase section */
		C3168A542A76C7A8006F0498 /* Sources */ = {
			isa = PBXSourcesBuildPhase;
			buildActionMask = 2147483647;
			files = (
				C3168A882A76D118006F0498 /* FeedView.swift in Sources */,
				C3168A922A79DF9C006F0498 /* MidThumbnailView.swift in Sources */,
				C3168A5E2A76C7A8006F0498 /* ContentView.swift in Sources */,
				C3168A8E2A797EC3006F0498 /* MiniCarrouselView.swift in Sources */,
				C3168A8C2A76D303006F0498 /* PlusView.swift in Sources */,
				C3168A862A76C7E4006F0498 /* BaseAppView.swift in Sources */,
				C3168A5C2A76C7A8006F0498 /* AliCloneApp.swift in Sources */,
				C3168A902A79800D006F0498 /* MiniThumbnailView.swift in Sources */,
				C3168A8A2A76D17B006F0498 /* ExploreView.swift in Sources */,
			);
			runOnlyForDeploymentPostprocessing = 0;
		};
		C3168A642A76C7AB006F0498 /* Sources */ = {
			isa = PBXSourcesBuildPhase;
			buildActionMask = 2147483647;
			files = (
				C3168A6D2A76C7AB006F0498 /* AliCloneTests.swift in Sources */,
			);
			runOnlyForDeploymentPostprocessing = 0;
		};
		C3168A6E2A76C7AB006F0498 /* Sources */ = {
			isa = PBXSourcesBuildPhase;
			buildActionMask = 2147483647;
			files = (
				C3168A792A76C7AB006F0498 /* AliCloneUITestsLaunchTests.swift in Sources */,
				C3168A772A76C7AB006F0498 /* AliCloneUITests.swift in Sources */,
			);
			runOnlyForDeploymentPostprocessing = 0;
		};
/* End PBXSourcesBuildPhase section */

/* Begin PBXTargetDependency section */
		C3168A6A2A76C7AB006F0498 /* PBXTargetDependency */ = {
			isa = PBXTargetDependency;
			target = C3168A572A76C7A8006F0498 /* AliClone */;
			targetProxy = C3168A692A76C7AB006F0498 /* PBXContainerItemProxy */;
		};
		C3168A742A76C7AB006F0498 /* PBXTargetDependency */ = {
			isa = PBXTargetDependency;
			target = C3168A572A76C7A8006F0498 /* AliClone */;
			targetProxy = C3168A732A76C7AB006F0498 /* PBXContainerItemProxy */;
		};
/* End PBXTargetDependency section */

/* Begin XCBuildConfiguration section */
		C3168A7A2A76C7AB006F0498 /* Debug */ = {
			isa = XCBuildConfiguration;
			buildSettings = {
				ALWAYS_SEARCH_USER_PATHS = NO;
				CLANG_ANALYZER_NONNULL = YES;
				CLANG_ANALYZER_NUMBER_OBJECT_CONVERSION = YES_AGGRESSIVE;
				CLANG_CXX_LANGUAGE_STANDARD = "gnu++20";
				CLANG_ENABLE_MODULES = YES;
				CLANG_ENABLE_OBJC_ARC = YES;
				CLANG_ENABLE_OBJC_WEAK = YES;
				CLANG_WARN_BLOCK_CAPTURE_AUTORELEASING = YES;
				CLANG_WARN_BOOL_CONVERSION = YES;
				CLANG_WARN_COMMA = YES;
				CLANG_WARN_CONSTANT_CONVERSION = YES;
				CLANG_WARN_DEPRECATED_OBJC_IMPLEMENTATIONS = YES;
				CLANG_WARN_DIRECT_OBJC_ISA_USAGE = YES_ERROR;
				CLANG_WARN_DOCUMENTATION_COMMENTS = YES;
				CLANG_WARN_EMPTY_BODY = YES;
				CLANG_WARN_ENUM_CONVERSION = YES;
				CLANG_WARN_INFINITE_RECURSION = YES;
				CLANG_WARN_INT_CONVERSION = YES;
				CLANG_WARN_NON_LITERAL_NULL_CONVERSION = YES;
				CLANG_WARN_OBJC_IMPLICIT_RETAIN_SELF = YES;
				CLANG_WARN_OBJC_LITERAL_CONVERSION = YES;
				CLANG_WARN_OBJC_ROOT_CLASS = YES_ERROR;
				CLANG_WARN_QUOTED_INCLUDE_IN_FRAMEWORK_HEADER = YES;
				CLANG_WARN_RANGE_LOOP_ANALYSIS = YES;
				CLANG_WARN_STRICT_PROTOTYPES = YES;
				CLANG_WARN_SUSPICIOUS_MOVE = YES;
				CLANG_WARN_UNGUARDED_AVAILABILITY = YES_AGGRESSIVE;
				CLANG_WARN_UNREACHABLE_CODE = YES;
				CLANG_WARN__DUPLICATE_METHOD_MATCH = YES;
				COPY_PHASE_STRIP = NO;
				DEBUG_INFORMATION_FORMAT = dwarf;
				ENABLE_STRICT_OBJC_MSGSEND = YES;
				ENABLE_TESTABILITY = YES;
				GCC_C_LANGUAGE_STANDARD = gnu11;
				GCC_DYNAMIC_NO_PIC = NO;
				GCC_NO_COMMON_BLOCKS = YES;
				GCC_OPTIMIZATION_LEVEL = 0;
				GCC_PREPROCESSOR_DEFINITIONS = (
					"DEBUG=1",
					"$(inherited)",
				);
				GCC_WARN_64_TO_32_BIT_CONVERSION = YES;
				GCC_WARN_ABOUT_RETURN_TYPE = YES_ERROR;
				GCC_WARN_UNDECLARED_SELECTOR = YES;
				GCC_WARN_UNINITIALIZED_AUTOS = YES_AGGRESSIVE;
				GCC_WARN_UNUSED_FUNCTION = YES;
				GCC_WARN_UNUSED_VARIABLE = YES;
				IPHONEOS_DEPLOYMENT_TARGET = 16.2;
				MTL_ENABLE_DEBUG_INFO = INCLUDE_SOURCE;
				MTL_FAST_MATH = YES;
				ONLY_ACTIVE_ARCH = YES;
				SDKROOT = iphoneos;
				SWIFT_ACTIVE_COMPILATION_CONDITIONS = DEBUG;
				SWIFT_OPTIMIZATION_LEVEL = "-Onone";
			};
			name = Debug;
		};
		C3168A7B2A76C7AB006F0498 /* Release */ = {
			isa = XCBuildConfiguration;
			buildSettings = {
				ALWAYS_SEARCH_USER_PATHS = NO;
				CLANG_ANALYZER_NONNULL = YES;
				CLANG_ANALYZER_NUMBER_OBJECT_CONVERSION = YES_AGGRESSIVE;
				CLANG_CXX_LANGUAGE_STANDARD = "gnu++20";
				CLANG_ENABLE_MODULES = YES;
				CLANG_ENABLE_OBJC_ARC = YES;
				CLANG_ENABLE_OBJC_WEAK = YES;
				CLANG_WARN_BLOCK_CAPTURE_AUTORELEASING = YES;
				CLANG_WARN_BOOL_CONVERSION = YES;
				CLANG_WARN_COMMA = YES;
				CLANG_WARN_CONSTANT_CONVERSION = YES;
				CLANG_WARN_DEPRECATED_OBJC_IMPLEMENTATIONS = YES;
				CLANG_WARN_DIRECT_OBJC_ISA_USAGE = YES_ERROR;
				CLANG_WARN_DOCUMENTATION_COMMENTS = YES;
				CLANG_WARN_EMPTY_BODY = YES;
				CLANG_WARN_ENUM_CONVERSION = YES;
				CLANG_WARN_INFINITE_RECURSION = YES;
				CLANG_WARN_INT_CONVERSION = YES;
				CLANG_WARN_NON_LITERAL_NULL_CONVERSION = YES;
				CLANG_WARN_OBJC_IMPLICIT_RETAIN_SELF = YES;
				CLANG_WARN_OBJC_LITERAL_CONVERSION = YES;
				CLANG_WARN_OBJC_ROOT_CLASS = YES_ERROR;
				CLANG_WARN_QUOTED_INCLUDE_IN_FRAMEWORK_HEADER = YES;
				CLANG_WARN_RANGE_LOOP_ANALYSIS = YES;
				CLANG_WARN_STRICT_PROTOTYPES = YES;
				CLANG_WARN_SUSPICIOUS_MOVE = YES;
				CLANG_WARN_UNGUARDED_AVAILABILITY = YES_AGGRESSIVE;
				CLANG_WARN_UNREACHABLE_CODE = YES;
				CLANG_WARN__DUPLICATE_METHOD_MATCH = YES;
				COPY_PHASE_STRIP = NO;
				DEBUG_INFORMATION_FORMAT = "dwarf-with-dsym";
				ENABLE_NS_ASSERTIONS = NO;
				ENABLE_STRICT_OBJC_MSGSEND = YES;
				GCC_C_LANGUAGE_STANDARD = gnu11;
				GCC_NO_COMMON_BLOCKS = YES;
				GCC_WARN_64_TO_32_BIT_CONVERSION = YES;
				GCC_WARN_ABOUT_RETURN_TYPE = YES_ERROR;
				GCC_WARN_UNDECLARED_SELECTOR = YES;
				GCC_WARN_UNINITIALIZED_AUTOS = YES_AGGRESSIVE;
				GCC_WARN_UNUSED_FUNCTION = YES;
				GCC_WARN_UNUSED_VARIABLE = YES;
				IPHONEOS_DEPLOYMENT_TARGET = 16.2;
				MTL_ENABLE_DEBUG_INFO = NO;
				MTL_FAST_MATH = YES;
				SDKROOT = iphoneos;
				SWIFT_COMPILATION_MODE = wholemodule;
				SWIFT_OPTIMIZATION_LEVEL = "-O";
				VALIDATE_PRODUCT = YES;
			};
			name = Release;
		};
		C3168A7D2A76C7AB006F0498 /* Debug */ = {
			isa = XCBuildConfiguration;
			buildSettings = {
				ASSETCATALOG_COMPILER_APPICON_NAME = AppIcon;
				ASSETCATALOG_COMPILER_GLOBAL_ACCENT_COLOR_NAME = AccentColor;
				CODE_SIGN_STYLE = Automatic;
				CURRENT_PROJECT_VERSION = 1;
				DEVELOPMENT_ASSET_PATHS = "\"AliClone/Preview Content\"";
				DEVELOPMENT_TEAM = 63DG7X3HU7;
				ENABLE_PREVIEWS = YES;
				GENERATE_INFOPLIST_FILE = YES;
				INFOPLIST_KEY_UIApplicationSceneManifest_Generation = YES;
				INFOPLIST_KEY_UIApplicationSupportsIndirectInputEvents = YES;
				INFOPLIST_KEY_UILaunchScreen_Generation = YES;
				INFOPLIST_KEY_UISupportedInterfaceOrientations_iPad = "UIInterfaceOrientationPortrait UIInterfaceOrientationPortraitUpsideDown UIInterfaceOrientationLandscapeLeft UIInterfaceOrientationLandscapeRight";
				INFOPLIST_KEY_UISupportedInterfaceOrientations_iPhone = "UIInterfaceOrientationPortrait UIInterfaceOrientationLandscapeLeft UIInterfaceOrientationLandscapeRight";
				LD_RUNPATH_SEARCH_PATHS = (
					"$(inherited)",
					"@executable_path/Frameworks",
				);
				MARKETING_VERSION = 1.0;
				PRODUCT_BUNDLE_IDENTIFIER = com.bit.AliClone;
				PRODUCT_NAME = "$(TARGET_NAME)";
				SWIFT_EMIT_LOC_STRINGS = YES;
				SWIFT_VERSION = 5.0;
				TARGETED_DEVICE_FAMILY = "1,2";
			};
			name = Debug;
		};
		C3168A7E2A76C7AB006F0498 /* Release */ = {
			isa = XCBuildConfiguration;
			buildSettings = {
				ASSETCATALOG_COMPILER_APPICON_NAME = AppIcon;
				ASSETCATALOG_COMPILER_GLOBAL_ACCENT_COLOR_NAME = AccentColor;
				CODE_SIGN_STYLE = Automatic;
				CURRENT_PROJECT_VERSION = 1;
				DEVELOPMENT_ASSET_PATHS = "\"AliClone/Preview Content\"";
				DEVELOPMENT_TEAM = 63DG7X3HU7;
				ENABLE_PREVIEWS = YES;
				GENERATE_INFOPLIST_FILE = YES;
				INFOPLIST_KEY_UIApplicationSceneManifest_Generation = YES;
				INFOPLIST_KEY_UIApplicationSupportsIndirectInputEvents = YES;
				INFOPLIST_KEY_UILaunchScreen_Generation = YES;
				INFOPLIST_KEY_UISupportedInterfaceOrientations_iPad = "UIInterfaceOrientationPortrait UIInterfaceOrientationPortraitUpsideDown UIInterfaceOrientationLandscapeLeft UIInterfaceOrientationLandscapeRight";
				INFOPLIST_KEY_UISupportedInterfaceOrientations_iPhone = "UIInterfaceOrientationPortrait UIInterfaceOrientationLandscapeLeft UIInterfaceOrientationLandscapeRight";
				LD_RUNPATH_SEARCH_PATHS = (
					"$(inherited)",
					"@executable_path/Frameworks",
				);
				MARKETING_VERSION = 1.0;
				PRODUCT_BUNDLE_IDENTIFIER = com.bit.AliClone;
				PRODUCT_NAME = "$(TARGET_NAME)";
				SWIFT_EMIT_LOC_STRINGS = YES;
				SWIFT_VERSION = 5.0;
				TARGETED_DEVICE_FAMILY = "1,2";
			};
			name = Release;
		};
		C3168A802A76C7AB006F0498 /* Debug */ = {
			isa = XCBuildConfiguration;
			buildSettings = {
				ALWAYS_EMBED_SWIFT_STANDARD_LIBRARIES = YES;
				BUNDLE_LOADER = "$(TEST_HOST)";
				CODE_SIGN_STYLE = Automatic;
				CURRENT_PROJECT_VERSION = 1;
				DEVELOPMENT_TEAM = 63DG7X3HU7;
				GENERATE_INFOPLIST_FILE = YES;
				IPHONEOS_DEPLOYMENT_TARGET = 16.2;
				MARKETING_VERSION = 1.0;
				PRODUCT_BUNDLE_IDENTIFIER = com.bit.AliCloneTests;
				PRODUCT_NAME = "$(TARGET_NAME)";
				SWIFT_EMIT_LOC_STRINGS = NO;
				SWIFT_VERSION = 5.0;
				TARGETED_DEVICE_FAMILY = "1,2";
				TEST_HOST = "$(BUILT_PRODUCTS_DIR)/AliClone.app/$(BUNDLE_EXECUTABLE_FOLDER_PATH)/AliClone";
			};
			name = Debug;
		};
		C3168A812A76C7AB006F0498 /* Release */ = {
			isa = XCBuildConfiguration;
			buildSettings = {
				ALWAYS_EMBED_SWIFT_STANDARD_LIBRARIES = YES;
				BUNDLE_LOADER = "$(TEST_HOST)";
				CODE_SIGN_STYLE = Automatic;
				CURRENT_PROJECT_VERSION = 1;
				DEVELOPMENT_TEAM = 63DG7X3HU7;
				GENERATE_INFOPLIST_FILE = YES;
				IPHONEOS_DEPLOYMENT_TARGET = 16.2;
				MARKETING_VERSION = 1.0;
				PRODUCT_BUNDLE_IDENTIFIER = com.bit.AliCloneTests;
				PRODUCT_NAME = "$(TARGET_NAME)";
				SWIFT_EMIT_LOC_STRINGS = NO;
				SWIFT_VERSION = 5.0;
				TARGETED_DEVICE_FAMILY = "1,2";
				TEST_HOST = "$(BUILT_PRODUCTS_DIR)/AliClone.app/$(BUNDLE_EXECUTABLE_FOLDER_PATH)/AliClone";
			};
			name = Release;
		};
		C3168A832A76C7AB006F0498 /* Debug */ = {
			isa = XCBuildConfiguration;
			buildSettings = {
				ALWAYS_EMBED_SWIFT_STANDARD_LIBRARIES = YES;
				CODE_SIGN_STYLE = Automatic;
				CURRENT_PROJECT_VERSION = 1;
				DEVELOPMENT_TEAM = 63DG7X3HU7;
				GENERATE_INFOPLIST_FILE = YES;
				MARKETING_VERSION = 1.0;
				PRODUCT_BUNDLE_IDENTIFIER = com.bit.AliCloneUITests;
				PRODUCT_NAME = "$(TARGET_NAME)";
				SWIFT_EMIT_LOC_STRINGS = NO;
				SWIFT_VERSION = 5.0;
				TARGETED_DEVICE_FAMILY = "1,2";
				TEST_TARGET_NAME = AliClone;
			};
			name = Debug;
		};
		C3168A842A76C7AB006F0498 /* Release */ = {
			isa = XCBuildConfiguration;
			buildSettings = {
				ALWAYS_EMBED_SWIFT_STANDARD_LIBRARIES = YES;
				CODE_SIGN_STYLE = Automatic;
				CURRENT_PROJECT_VERSION = 1;
				DEVELOPMENT_TEAM = 63DG7X3HU7;
				GENERATE_INFOPLIST_FILE = YES;
				MARKETING_VERSION = 1.0;
				PRODUCT_BUNDLE_IDENTIFIER = com.bit.AliCloneUITests;
				PRODUCT_NAME = "$(TARGET_NAME)";
				SWIFT_EMIT_LOC_STRINGS = NO;
				SWIFT_VERSION = 5.0;
				TARGETED_DEVICE_FAMILY = "1,2";
				TEST_TARGET_NAME = AliClone;
			};
			name = Release;
		};
/* End XCBuildConfiguration section */

/* Begin XCConfigurationList section */
		C3168A532A76C7A8006F0498 /* Build configuration list for PBXProject "AliClone" */ = {
			isa = XCConfigurationList;
			buildConfigurations = (
				C3168A7A2A76C7AB006F0498 /* Debug */,
				C3168A7B2A76C7AB006F0498 /* Release */,
			);
			defaultConfigurationIsVisible = 0;
			defaultConfigurationName = Release;
		};
		C3168A7C2A76C7AB006F0498 /* Build configuration list for PBXNativeTarget "AliClone" */ = {
			isa = XCConfigurationList;
			buildConfigurations = (
				C3168A7D2A76C7AB006F0498 /* Debug */,
				C3168A7E2A76C7AB006F0498 /* Release */,
			);
			defaultConfigurationIsVisible = 0;
			defaultConfigurationName = Release;
		};
		C3168A7F2A76C7AB006F0498 /* Build configuration list for PBXNativeTarget "AliCloneTests" */ = {
			isa = XCConfigurationList;
			buildConfigurations = (
				C3168A802A76C7AB006F0498 /* Debug */,
				C3168A812A76C7AB006F0498 /* Release */,
			);
			defaultConfigurationIsVisible = 0;
			defaultConfigurationName = Release;
		};
		C3168A822A76C7AB006F0498 /* Build configuration list for PBXNativeTarget "AliCloneUITests" */ = {
			isa = XCConfigurationList;
			buildConfigurations = (
				C3168A832A76C7AB006F0498 /* Debug */,
				C3168A842A76C7AB006F0498 /* Release */,
			);
			defaultConfigurationIsVisible = 0;
			defaultConfigurationName = Release;
		};
/* End XCConfigurationList section */
	};
	rootObject = C3168A502A76C7A8006F0498 /* Project object */;
}
